
Microsoft Visual Studio Solution File, Format Version 12.00
# Visual Studio Version 17
VisualStudioVersion = 17.13.35931.197 d17.13
MinimumVisualStudioVersion = 10.0.40219.1
Project("{2150E333-8FDC-42A3-9474-1A3956D46DE8}") = "src", "src", "{02EA681E-C7D8-13C7-8484-4AC65E1B71E8}"
EndProject
Project("{2150E333-8FDC-42A3-9474-1A3956D46DE8}") = "tests", "tests", "{EE900FE8-1F2A-4893-B229-A008B15ADF7B}"
EndProject
Project("{FAE04EC0-301F-11D3-BF4B-00C04F79EFBC}") = "GoodHamburger.Domain", "src\GoodHamburger.Domain\GoodHamburger.Domain.csproj", "{46A10A61-36DB-4C49-8D58-0AD79C842223}"
EndProject
Project("{FAE04EC0-301F-11D3-BF4B-00C04F79EFBC}") = "GoodHamburger.Infrastructure", "src\GoodHamburger.Infrastructure\GoodHamburger.Infrastructure.csproj", "{590591C9-86BC-4DE5-9042-B75D5F158102}"
EndProject
Global
	GlobalSection(SolutionConfigurationPlatforms) = preSolution
		Debug|Any CPU = Debug|Any CPU
		Release|Any CPU = Release|Any CPU
	EndGlobalSection
	GlobalSection(ProjectConfigurationPlatforms) = postSolution
		{46A10A61-36DB-4C49-8D58-0AD79C842223}.Debug|Any CPU.ActiveCfg = Debug|Any CPU
		{46A10A61-36DB-4C49-8D58-0AD79C842223}.Debug|Any CPU.Build.0 = Debug|Any CPU
		{46A10A61-36DB-4C49-8D58-0AD79C842223}.Release|Any CPU.ActiveCfg = Release|Any CPU
		{46A10A61-36DB-4C49-8D58-0AD79C842223}.Release|Any CPU.Build.0 = Release|Any CPU
		{590591C9-86BC-4DE5-9042-B75D5F158102}.Debug|Any CPU.ActiveCfg = Debug|Any CPU
		{590591C9-86BC-4DE5-9042-B75D5F158102}.Debug|Any CPU.Build.0 = Debug|Any CPU
		{590591C9-86BC-4DE5-9042-B75D5F158102}.Release|Any CPU.ActiveCfg = Release|Any CPU
		{590591C9-86BC-4DE5-9042-B75D5F158102}.Release|Any CPU.Build.0 = Release|Any CPU
	EndGlobalSection
	GlobalSection(SolutionProperties) = preSolution
		HideSolutionNode = FALSE
	EndGlobalSection
	GlobalSection(NestedProjects) = preSolution
		{46A10A61-36DB-4C49-8D58-0AD79C842223} = {02EA681E-C7D8-13C7-8484-4AC65E1B71E8}
		{590591C9-86BC-4DE5-9042-B75D5F158102} = {02EA681E-C7D8-13C7-8484-4AC65E1B71E8}
	EndGlobalSection
	GlobalSection(ExtensibilityGlobals) = postSolution
		SolutionGuid = {730EE020-CE74-42F3-A88E-037A1B248D93}
	EndGlobalSection
EndGlobal
