
Microsoft Visual Studio Solution File, Format Version 12.00
# Visual Studio Version 17
VisualStudioVersion = 17.13.35931.197
MinimumVisualStudioVersion = 10.0.40219.1
Project("{2150E333-8FDC-42A3-9474-1A3956D46DE8}") = "src", "src", "{02EA681E-C7D8-13C7-8484-4AC65E1B71E8}"
EndProject
Project("{2150E333-8FDC-42A3-9474-1A3956D46DE8}") = "tests", "tests", "{EE900FE8-1F2A-4893-B229-A008B15ADF7B}"
EndProject
Project("{FAE04EC0-301F-11D3-BF4B-00C04F79EFBC}") = "GoodHamburger.Domain", "src\GoodHamburger.Domain\GoodHamburger.Domain.csproj", "{46A10A61-36DB-4C49-8D58-0AD79C842223}"
EndProject
Project("{FAE04EC0-301F-11D3-BF4B-00C04F79EFBC}") = "GoodHamburger.Infrastructure", "src\GoodHamburger.Infrastructure\GoodHamburger.Infrastructure.csproj", "{590591C9-86BC-4DE5-9042-B75D5F158102}"
EndProject
Project("{FAE04EC0-301F-11D3-BF4B-00C04F79EFBC}") = "GoodHamburger.Tests", "tests\GoodHamburger.Tests\GoodHamburger.Tests.csproj", "{39852B58-A999-4304-B87F-52E2C87C595A}"
EndProject
Project("{FAE04EC0-301F-11D3-BF4B-00C04F79EFBC}") = "GoodHamburger.Application", "src\GoodHamburger.Application\GoodHamburger.Application.csproj", "{71FE7A4D-4A41-4F86-8F27-486DDDAF9AE5}"
EndProject
Project("{FAE04EC0-301F-11D3-BF4B-00C04F79EFBC}") = "GoodHamburger.API", "src\GoodHamburger.API\GoodHamburger.API.csproj", "{D805E9B8-0915-483B-8FAA-407CD5B45B17}"
EndProject
Project("{FAE04EC0-301F-11D3-BF4B-00C04F79EFBC}") = "GoodHamburger.Shared", "src\GoodHamburger.Shared\GoodHamburger.Shared.csproj", "{FFC4F375-F906-4F2C-94B3-554DAF8A57CE}"
EndProject
Project("{FAE04EC0-301F-11D3-BF4B-00C04F79EFBC}") = "GoodHamburger.Presentation", "src\GoodHamburger.Presentation\GoodHamburger.Presentation.csproj", "{DB6ED678-4012-4174-A8FA-06E37C61BC8D}"
EndProject
Global
	GlobalSection(SolutionConfigurationPlatforms) = preSolution
		Debug|Any CPU = Debug|Any CPU
		Release|Any CPU = Release|Any CPU
	EndGlobalSection
	GlobalSection(ProjectConfigurationPlatforms) = postSolution
		{46A10A61-36DB-4C49-8D58-0AD79C842223}.Debug|Any CPU.ActiveCfg = Debug|Any CPU
		{46A10A61-36DB-4C49-8D58-0AD79C842223}.Debug|Any CPU.Build.0 = Debug|Any CPU
		{46A10A61-36DB-4C49-8D58-0AD79C842223}.Release|Any CPU.ActiveCfg = Release|Any CPU
		{46A10A61-36DB-4C49-8D58-0AD79C842223}.Release|Any CPU.Build.0 = Release|Any CPU
		{590591C9-86BC-4DE5-9042-B75D5F158102}.Debug|Any CPU.ActiveCfg = Debug|Any CPU
		{590591C9-86BC-4DE5-9042-B75D5F158102}.Debug|Any CPU.Build.0 = Debug|Any CPU
		{590591C9-86BC-4DE5-9042-B75D5F158102}.Release|Any CPU.ActiveCfg = Release|Any CPU
		{590591C9-86BC-4DE5-9042-B75D5F158102}.Release|Any CPU.Build.0 = Release|Any CPU
		{39852B58-A999-4304-B87F-52E2C87C595A}.Debug|Any CPU.ActiveCfg = Debug|Any CPU
		{39852B58-A999-4304-B87F-52E2C87C595A}.Debug|Any CPU.Build.0 = Debug|Any CPU
		{39852B58-A999-4304-B87F-52E2C87C595A}.Release|Any CPU.ActiveCfg = Release|Any CPU
		{39852B58-A999-4304-B87F-52E2C87C595A}.Release|Any CPU.Build.0 = Release|Any CPU
		{71FE7A4D-4A41-4F86-8F27-486DDDAF9AE5}.Debug|Any CPU.ActiveCfg = Debug|Any CPU
		{71FE7A4D-4A41-4F86-8F27-486DDDAF9AE5}.Debug|Any CPU.Build.0 = Debug|Any CPU
		{71FE7A4D-4A41-4F86-8F27-486DDDAF9AE5}.Release|Any CPU.ActiveCfg = Release|Any CPU
		{71FE7A4D-4A41-4F86-8F27-486DDDAF9AE5}.Release|Any CPU.Build.0 = Release|Any CPU
		{D805E9B8-0915-483B-8FAA-407CD5B45B17}.Debug|Any CPU.ActiveCfg = Debug|Any CPU
		{D805E9B8-0915-483B-8FAA-407CD5B45B17}.Debug|Any CPU.Build.0 = Debug|Any CPU
		{D805E9B8-0915-483B-8FAA-407CD5B45B17}.Release|Any CPU.ActiveCfg = Release|Any CPU
		{D805E9B8-0915-483B-8FAA-407CD5B45B17}.Release|Any CPU.Build.0 = Release|Any CPU
		{FFC4F375-F906-4F2C-94B3-554DAF8A57CE}.Debug|Any CPU.ActiveCfg = Debug|Any CPU
		{FFC4F375-F906-4F2C-94B3-554DAF8A57CE}.Debug|Any CPU.Build.0 = Debug|Any CPU
		{FFC4F375-F906-4F2C-94B3-554DAF8A57CE}.Release|Any CPU.ActiveCfg = Release|Any CPU
		{FFC4F375-F906-4F2C-94B3-554DAF8A57CE}.Release|Any CPU.Build.0 = Release|Any CPU
		{DB6ED678-4012-4174-A8FA-06E37C61BC8D}.Debug|Any CPU.ActiveCfg = Debug|Any CPU
		{DB6ED678-4012-4174-A8FA-06E37C61BC8D}.Debug|Any CPU.Build.0 = Debug|Any CPU
		{DB6ED678-4012-4174-A8FA-06E37C61BC8D}.Release|Any CPU.ActiveCfg = Release|Any CPU
		{DB6ED678-4012-4174-A8FA-06E37C61BC8D}.Release|Any CPU.Build.0 = Release|Any CPU
	EndGlobalSection
	GlobalSection(SolutionProperties) = preSolution
		HideSolutionNode = FALSE
	EndGlobalSection
	GlobalSection(NestedProjects) = preSolution
		{46A10A61-36DB-4C49-8D58-0AD79C842223} = {02EA681E-C7D8-13C7-8484-4AC65E1B71E8}
		{590591C9-86BC-4DE5-9042-B75D5F158102} = {02EA681E-C7D8-13C7-8484-4AC65E1B71E8}
		{39852B58-A999-4304-B87F-52E2C87C595A} = {EE900FE8-1F2A-4893-B229-A008B15ADF7B}
		{71FE7A4D-4A41-4F86-8F27-486DDDAF9AE5} = {02EA681E-C7D8-13C7-8484-4AC65E1B71E8}
		{D805E9B8-0915-483B-8FAA-407CD5B45B17} = {02EA681E-C7D8-13C7-8484-4AC65E1B71E8}
		{FFC4F375-F906-4F2C-94B3-554DAF8A57CE} = {02EA681E-C7D8-13C7-8484-4AC65E1B71E8}
		{DB6ED678-4012-4174-A8FA-06E37C61BC8D} = {02EA681E-C7D8-13C7-8484-4AC65E1B71E8}
	EndGlobalSection
	GlobalSection(ExtensibilityGlobals) = postSolution
		SolutionGuid = {730EE020-CE74-42F3-A88E-037A1B248D93}
	EndGlobalSection
EndGlobal
